
Microsoft Visual Studio Solution File, Format Version 12.00
# Visual Studio Version 17
VisualStudioVersion = 17.7.34003.232
MinimumVisualStudioVersion = 10.0.40219.1
Project("{FAE04EC0-301F-11D3-BF4B-00C04F79EFBC}") = "AtoZASPNETCore", "AtoZASPNETCore\AtoZASPNETCore.csproj", "{E62FFEC4-B482-4623-A927-C4DEAB7CCF4E}"
EndProject
Global
	GlobalSection(SolutionConfigurationPlatforms) = preSolution
		Debug|Any CPU = Debug|Any CPU
		Release|Any CPU = Release|Any CPU
	EndGlobalSection
	GlobalSection(ProjectConfigurationPlatforms) = postSolution
		{E62FFEC4-B482-4623-A927-C4DEAB7CCF4E}.Debug|Any CPU.ActiveCfg = Debug|Any CPU
		{E62FFEC4-B482-4623-A927-C4DEAB7CCF4E}.Debug|Any CPU.Build.0 = Debug|Any CPU
		{E62FFEC4-B482-4623-A927-C4DEAB7CCF4E}.Release|Any CPU.ActiveCfg = Release|Any CPU
		{E62FFEC4-B482-4623-A927-C4DEAB7CCF4E}.Release|Any CPU.Build.0 = Release|Any CPU
	EndGlobalSection
	GlobalSection(SolutionProperties) = preSolution
		HideSolutionNode = FALSE
	EndGlobalSection
	GlobalSection(ExtensibilityGlobals) = postSolution
		SolutionGuid = {5A68F9B4-1158-410C-AAE1-C6226037DB77}
	EndGlobalSection
EndGlobal
