
Microsoft Visual Studio Solution File, Format Version 12.00
# Visual Studio Version 17
VisualStudioVersion = 17.7.34003.232
MinimumVisualStudioVersion = 10.0.40219.1
Project("{9A19103F-16F7-4668-BE54-9A1E7A4F7556}") = "AtoZASPNETCore", "AtoZASPNETCore\AtoZASPNETCore.csproj", "{E62FFEC4-B482-4623-A927-C4DEAB7CCF4E}"
EndProject
Project("{9A19103F-16F7-4668-BE54-9A1E7A4F7556}") = "GrafanIntegration", "GrafanIntegration\GrafanIntegration.csproj", "{6A733225-9B9E-4D7A-8B21-C2D2B569203F}"
EndProject
Project("{9A19103F-16F7-4668-BE54-9A1E7A4F7556}") = "MinimalAPI", "MinimalAPI\MinimalAPI.csproj", "{A9280EE5-79EE-45D8-91E9-1AF6DCEC84BA}"
EndProject
Project("{9A19103F-16F7-4668-BE54-9A1E7A4F7556}") = "KibanaSerilogIntegration", "KibanaSerilogIntegration\KibanaSerilogIntegration.csproj", "{7A0D9899-0029-4DEF-B315-B7F8B8E251D0}"
EndProject
Project("{9A19103F-16F7-4668-BE54-9A1E7A4F7556}") = "SimpleMinimalAPI", "SimpleMinimalAPI\SimpleMinimalAPI.csproj", "{4FB67C55-DA9A-4256-A597-05191470BE17}"
EndProject
Project("{9A19103F-16F7-4668-BE54-9A1E7A4F7556}") = "CRUDWithDifferentDB", "CRUDWithDifferentDB\CRUDWithDifferentDB.csproj", "{348B3A6F-01BB-4989-A77B-7093656678D2}"
EndProject
Project("{9A19103F-16F7-4668-BE54-9A1E7A4F7556}") = "HiveMQClientDemo", "HiveMQClientDemo\HiveMQClientDemo.csproj", "{5378C0D6-13FF-4290-8CF0-BAAED60A6A54}"
EndProject
Project("{9A19103F-16F7-4668-BE54-9A1E7A4F7556}") = "MiddlewareExplanation", "MiddlewareExplanation\MiddlewareExplanation.csproj", "{C0C13024-513D-4669-AC0A-9C9BA5A8C916}"
EndProject
Project("{9A19103F-16F7-4668-BE54-9A1E7A4F7556}") = "AuthenticationAuthorization", "AuthenticationAuthorization\AuthenticationAuthorization.csproj", "{7DF69559-4DB1-4FA2-82A8-250DF3289CCE}"
EndProject
Project("{9A19103F-16F7-4668-BE54-9A1E7A4F7556}") = "HTTPClient", "HTTPClient\HTTPClient.csproj", "{CC08E393-E1E4-44EE-A5D0-39355AF05876}"
EndProject
Project("{9A19103F-16F7-4668-BE54-9A1E7A4F7556}") = "FluentValidationPros", "FluentValidationPros\FluentValidationPros.csproj", "{033ABD1C-2BA2-4D15-86DA-D94F84228570}"
EndProject
Project("{9A19103F-16F7-4668-BE54-9A1E7A4F7556}") = "CodeBenchmarking", "CodeBenchmarking\CodeBenchmarking.csproj", "{F85C75EB-CD85-4AE2-AD74-AD2D1EF7211D}"
EndProject
Project("{9A19103F-16F7-4668-BE54-9A1E7A4F7556}") = "EntityFrameworkCoreDocumentation", "EntityFrameworkCoreDocumentation\EntityFrameworkCoreDocumentation.csproj", "{F3DC20E3-31F6-402E-B29B-57EEF81709C4}"
EndProject
Project("{FAE04EC0-301F-11D3-BF4B-00C04F79EFBC}") = "RedisImplementation", "RedisImplementation\RedisImplementation.csproj", "{D2FE43CC-B40D-4EEE-80CE-8496F127CC95}"
EndProject
Global
	GlobalSection(SolutionConfigurationPlatforms) = preSolution
		Debug|Any CPU = Debug|Any CPU
		Release|Any CPU = Release|Any CPU
	EndGlobalSection
	GlobalSection(ProjectConfigurationPlatforms) = postSolution
		{E62FFEC4-B482-4623-A927-C4DEAB7CCF4E}.Debug|Any CPU.ActiveCfg = Debug|Any CPU
		{E62FFEC4-B482-4623-A927-C4DEAB7CCF4E}.Debug|Any CPU.Build.0 = Debug|Any CPU
		{E62FFEC4-B482-4623-A927-C4DEAB7CCF4E}.Release|Any CPU.ActiveCfg = Release|Any CPU
		{E62FFEC4-B482-4623-A927-C4DEAB7CCF4E}.Release|Any CPU.Build.0 = Release|Any CPU
		{6A733225-9B9E-4D7A-8B21-C2D2B569203F}.Debug|Any CPU.ActiveCfg = Debug|Any CPU
		{6A733225-9B9E-4D7A-8B21-C2D2B569203F}.Debug|Any CPU.Build.0 = Debug|Any CPU
		{6A733225-9B9E-4D7A-8B21-C2D2B569203F}.Release|Any CPU.ActiveCfg = Release|Any CPU
		{6A733225-9B9E-4D7A-8B21-C2D2B569203F}.Release|Any CPU.Build.0 = Release|Any CPU
		{A9280EE5-79EE-45D8-91E9-1AF6DCEC84BA}.Debug|Any CPU.ActiveCfg = Debug|Any CPU
		{A9280EE5-79EE-45D8-91E9-1AF6DCEC84BA}.Debug|Any CPU.Build.0 = Debug|Any CPU
		{A9280EE5-79EE-45D8-91E9-1AF6DCEC84BA}.Release|Any CPU.ActiveCfg = Release|Any CPU
		{A9280EE5-79EE-45D8-91E9-1AF6DCEC84BA}.Release|Any CPU.Build.0 = Release|Any CPU
		{7A0D9899-0029-4DEF-B315-B7F8B8E251D0}.Debug|Any CPU.ActiveCfg = Debug|Any CPU
		{7A0D9899-0029-4DEF-B315-B7F8B8E251D0}.Debug|Any CPU.Build.0 = Debug|Any CPU
		{7A0D9899-0029-4DEF-B315-B7F8B8E251D0}.Release|Any CPU.ActiveCfg = Release|Any CPU
		{7A0D9899-0029-4DEF-B315-B7F8B8E251D0}.Release|Any CPU.Build.0 = Release|Any CPU
		{4FB67C55-DA9A-4256-A597-05191470BE17}.Debug|Any CPU.ActiveCfg = Debug|Any CPU
		{4FB67C55-DA9A-4256-A597-05191470BE17}.Debug|Any CPU.Build.0 = Debug|Any CPU
		{4FB67C55-DA9A-4256-A597-05191470BE17}.Release|Any CPU.ActiveCfg = Release|Any CPU
		{4FB67C55-DA9A-4256-A597-05191470BE17}.Release|Any CPU.Build.0 = Release|Any CPU
		{348B3A6F-01BB-4989-A77B-7093656678D2}.Debug|Any CPU.ActiveCfg = Debug|Any CPU
		{348B3A6F-01BB-4989-A77B-7093656678D2}.Debug|Any CPU.Build.0 = Debug|Any CPU
		{348B3A6F-01BB-4989-A77B-7093656678D2}.Release|Any CPU.ActiveCfg = Release|Any CPU
		{348B3A6F-01BB-4989-A77B-7093656678D2}.Release|Any CPU.Build.0 = Release|Any CPU
		{5378C0D6-13FF-4290-8CF0-BAAED60A6A54}.Debug|Any CPU.ActiveCfg = Debug|Any CPU
		{5378C0D6-13FF-4290-8CF0-BAAED60A6A54}.Debug|Any CPU.Build.0 = Debug|Any CPU
		{5378C0D6-13FF-4290-8CF0-BAAED60A6A54}.Release|Any CPU.ActiveCfg = Release|Any CPU
		{5378C0D6-13FF-4290-8CF0-BAAED60A6A54}.Release|Any CPU.Build.0 = Release|Any CPU
		{C0C13024-513D-4669-AC0A-9C9BA5A8C916}.Debug|Any CPU.ActiveCfg = Debug|Any CPU
		{C0C13024-513D-4669-AC0A-9C9BA5A8C916}.Debug|Any CPU.Build.0 = Debug|Any CPU
		{C0C13024-513D-4669-AC0A-9C9BA5A8C916}.Release|Any CPU.ActiveCfg = Release|Any CPU
		{C0C13024-513D-4669-AC0A-9C9BA5A8C916}.Release|Any CPU.Build.0 = Release|Any CPU
		{7DF69559-4DB1-4FA2-82A8-250DF3289CCE}.Debug|Any CPU.ActiveCfg = Debug|Any CPU
		{7DF69559-4DB1-4FA2-82A8-250DF3289CCE}.Debug|Any CPU.Build.0 = Debug|Any CPU
		{7DF69559-4DB1-4FA2-82A8-250DF3289CCE}.Release|Any CPU.ActiveCfg = Release|Any CPU
		{7DF69559-4DB1-4FA2-82A8-250DF3289CCE}.Release|Any CPU.Build.0 = Release|Any CPU
		{CC08E393-E1E4-44EE-A5D0-39355AF05876}.Debug|Any CPU.ActiveCfg = Debug|Any CPU
		{CC08E393-E1E4-44EE-A5D0-39355AF05876}.Debug|Any CPU.Build.0 = Debug|Any CPU
		{CC08E393-E1E4-44EE-A5D0-39355AF05876}.Release|Any CPU.ActiveCfg = Release|Any CPU
		{CC08E393-E1E4-44EE-A5D0-39355AF05876}.Release|Any CPU.Build.0 = Release|Any CPU
		{033ABD1C-2BA2-4D15-86DA-D94F84228570}.Debug|Any CPU.ActiveCfg = Debug|Any CPU
		{033ABD1C-2BA2-4D15-86DA-D94F84228570}.Debug|Any CPU.Build.0 = Debug|Any CPU
		{033ABD1C-2BA2-4D15-86DA-D94F84228570}.Release|Any CPU.ActiveCfg = Release|Any CPU
		{033ABD1C-2BA2-4D15-86DA-D94F84228570}.Release|Any CPU.Build.0 = Release|Any CPU
		{F85C75EB-CD85-4AE2-AD74-AD2D1EF7211D}.Debug|Any CPU.ActiveCfg = Debug|Any CPU
		{F85C75EB-CD85-4AE2-AD74-AD2D1EF7211D}.Debug|Any CPU.Build.0 = Debug|Any CPU
		{F85C75EB-CD85-4AE2-AD74-AD2D1EF7211D}.Release|Any CPU.ActiveCfg = Release|Any CPU
		{F85C75EB-CD85-4AE2-AD74-AD2D1EF7211D}.Release|Any CPU.Build.0 = Release|Any CPU
		{F3DC20E3-31F6-402E-B29B-57EEF81709C4}.Debug|Any CPU.ActiveCfg = Debug|Any CPU
		{F3DC20E3-31F6-402E-B29B-57EEF81709C4}.Debug|Any CPU.Build.0 = Debug|Any CPU
		{F3DC20E3-31F6-402E-B29B-57EEF81709C4}.Release|Any CPU.ActiveCfg = Release|Any CPU
		{F3DC20E3-31F6-402E-B29B-57EEF81709C4}.Release|Any CPU.Build.0 = Release|Any CPU
		{D2FE43CC-B40D-4EEE-80CE-8496F127CC95}.Debug|Any CPU.ActiveCfg = Debug|Any CPU
		{D2FE43CC-B40D-4EEE-80CE-8496F127CC95}.Debug|Any CPU.Build.0 = Debug|Any CPU
		{D2FE43CC-B40D-4EEE-80CE-8496F127CC95}.Release|Any CPU.ActiveCfg = Release|Any CPU
		{D2FE43CC-B40D-4EEE-80CE-8496F127CC95}.Release|Any CPU.Build.0 = Release|Any CPU
	EndGlobalSection
	GlobalSection(SolutionProperties) = preSolution
		HideSolutionNode = FALSE
	EndGlobalSection
	GlobalSection(ExtensibilityGlobals) = postSolution
		SolutionGuid = {5A68F9B4-1158-410C-AAE1-C6226037DB77}
	EndGlobalSection
EndGlobal
